
Microsoft Visual Studio Solution File, Format Version 12.00
# Visual Studio Version 17
VisualStudioVersion = 17.11.35327.3
MinimumVisualStudioVersion = 10.0.40219.1
Project("{FAE04EC0-301F-11D3-BF4B-00C04F79EFBC}") = "BulkyProject", "BulkyProject\BulkyProject.csproj", "{7F6E4FD1-1A2C-4BB0-8E4E-7A16D0A55D8B}"
EndProject
Global
	GlobalSection(SolutionConfigurationPlatforms) = preSolution
		Debug|Any CPU = Debug|Any CPU
		Release|Any CPU = Release|Any CPU
	EndGlobalSection
	GlobalSection(ProjectConfigurationPlatforms) = postSolution
		{7F6E4FD1-1A2C-4BB0-8E4E-7A16D0A55D8B}.Debug|Any CPU.ActiveCfg = Debug|Any CPU
		{7F6E4FD1-1A2C-4BB0-8E4E-7A16D0A55D8B}.Debug|Any CPU.Build.0 = Debug|Any CPU
		{7F6E4FD1-1A2C-4BB0-8E4E-7A16D0A55D8B}.Release|Any CPU.ActiveCfg = Release|Any CPU
		{7F6E4FD1-1A2C-4BB0-8E4E-7A16D0A55D8B}.Release|Any CPU.Build.0 = Release|Any CPU
	EndGlobalSection
	GlobalSection(SolutionProperties) = preSolution
		HideSolutionNode = FALSE
	EndGlobalSection
	GlobalSection(ExtensibilityGlobals) = postSolution
		SolutionGuid = {5E161BFC-75FB-432F-8B23-1C1E3AF4E968}
	EndGlobalSection
EndGlobal
